
Microsoft Visual Studio Solution File, Format Version 12.00
# Visual Studio Version 17
VisualStudioVersion = 17.1.32228.430
MinimumVisualStudioVersion = 10.0.40219.1
Project("{FAE04EC0-301F-11D3-BF4B-00C04F79EFBC}") = "Uc3CustomException", "Uc3CustomException\Uc3CustomException.csproj", "{0F08053C-826E-446D-9722-3CCCA13DCA9D}"
EndProject
Project("{FAE04EC0-301F-11D3-BF4B-00C04F79EFBC}") = "TestProject1", "TestProject1\TestProject1.csproj", "{739667AA-4116-45AA-9D93-9B92FEC60DE1}"
EndProject
Global
	GlobalSection(SolutionConfigurationPlatforms) = preSolution
		Debug|Any CPU = Debug|Any CPU
		Release|Any CPU = Release|Any CPU
	EndGlobalSection
	GlobalSection(ProjectConfigurationPlatforms) = postSolution
		{0F08053C-826E-446D-9722-3CCCA13DCA9D}.Debug|Any CPU.ActiveCfg = Debug|Any CPU
		{0F08053C-826E-446D-9722-3CCCA13DCA9D}.Debug|Any CPU.Build.0 = Debug|Any CPU
		{0F08053C-826E-446D-9722-3CCCA13DCA9D}.Release|Any CPU.ActiveCfg = Release|Any CPU
		{0F08053C-826E-446D-9722-3CCCA13DCA9D}.Release|Any CPU.Build.0 = Release|Any CPU
		{739667AA-4116-45AA-9D93-9B92FEC60DE1}.Debug|Any CPU.ActiveCfg = Debug|Any CPU
		{739667AA-4116-45AA-9D93-9B92FEC60DE1}.Debug|Any CPU.Build.0 = Debug|Any CPU
		{739667AA-4116-45AA-9D93-9B92FEC60DE1}.Release|Any CPU.ActiveCfg = Release|Any CPU
		{739667AA-4116-45AA-9D93-9B92FEC60DE1}.Release|Any CPU.Build.0 = Release|Any CPU
	EndGlobalSection
	GlobalSection(SolutionProperties) = preSolution
		HideSolutionNode = FALSE
	EndGlobalSection
	GlobalSection(ExtensibilityGlobals) = postSolution
		SolutionGuid = {A723E2EF-B41F-49FA-BF5D-43E9388CC8FD}
	EndGlobalSection
EndGlobal
